
Microsoft Visual Studio Solution File, Format Version 12.00
# Visual Studio 2013
VisualStudioVersion = 12.0.31101.0
MinimumVisualStudioVersion = 10.0.40219.1
Project("{8BC9CEB8-8B4A-11D0-8D11-00A0C91BC942}") = "Chapter 04 데이터 표현방식의 이해", "Chapter 04 데이터 표현방식의 이해\Chapter 04 데이터 표현방식의 이해.vcxproj", "{59395564-028D-45BB-A18E-164688C617DC}"
EndProject
Global
	GlobalSection(SolutionConfigurationPlatforms) = preSolution
		Debug|Win32 = Debug|Win32
		Release|Win32 = Release|Win32
	EndGlobalSection
	GlobalSection(ProjectConfigurationPlatforms) = postSolution
		{59395564-028D-45BB-A18E-164688C617DC}.Debug|Win32.ActiveCfg = Debug|Win32
		{59395564-028D-45BB-A18E-164688C617DC}.Debug|Win32.Build.0 = Debug|Win32
		{59395564-028D-45BB-A18E-164688C617DC}.Release|Win32.ActiveCfg = Release|Win32
		{59395564-028D-45BB-A18E-164688C617DC}.Release|Win32.Build.0 = Release|Win32
	EndGlobalSection
	GlobalSection(SolutionProperties) = preSolution
		HideSolutionNode = FALSE
	EndGlobalSection
EndGlobal
